// !$*UTF8*$!
{
	archiveVersion = 1;
	classes = {
	};
	objectVersion = 51;
	objects = {

/* Begin PBXBuildFile section */
		4E2DF748274D111B0020AE25 /* UITextView+Placeholder.h in Headers */ = {isa = PBXBuildFile; fileRef = 4E2DF746274D111A0020AE25 /* UITextView+Placeholder.h */; };
		4E2DF749274D111B0020AE25 /* UITextView+Placeholder.m in Sources */ = {isa = PBXBuildFile; fileRef = 4E2DF747274D111B0020AE25 /* UITextView+Placeholder.m */; };
		4E2DF74C274D2D490020AE25 /* Header.h in Headers */ = {isa = PBXBuildFile; fileRef = 4E2DF74A274D14B20020AE25 /* Header.h */; settings = {ATTRIBUTES = (Public, ); }; };
		4E2DF74E274D32190020AE25 /* UITextViewEx.swift in Sources */ = {isa = PBXBuildFile; fileRef = 4E2DF74D274D32190020AE25 /* UITextViewEx.swift */; };
		4E46B767272A8B2300DCB3B4 /* TextFieldKit.h in Headers */ = {isa = PBXBuildFile; fileRef = 4E46B765272A8B2300DCB3B4 /* TextFieldKit.h */; settings = {ATTRIBUTES = (Public, ); }; };
		4E46B774272A8B7D00DCB3B4 /* AppDelegate.swift in Sources */ = {isa = PBXBuildFile; fileRef = 4E46B773272A8B7D00DCB3B4 /* AppDelegate.swift */; };
		4E46B776272A8B7D00DCB3B4 /* SceneDelegate.swift in Sources */ = {isa = PBXBuildFile; fileRef = 4E46B775272A8B7D00DCB3B4 /* SceneDelegate.swift */; };
		4E46B778272A8B7D00DCB3B4 /* ViewController.swift in Sources */ = {isa = PBXBuildFile; fileRef = 4E46B777272A8B7D00DCB3B4 /* ViewController.swift */; };
		4E46B77B272A8B7D00DCB3B4 /* Main.storyboard in Resources */ = {isa = PBXBuildFile; fileRef = 4E46B779272A8B7D00DCB3B4 /* Main.storyboard */; };
		4E46B77D272A8B8100DCB3B4 /* Assets.xcassets in Resources */ = {isa = PBXBuildFile; fileRef = 4E46B77C272A8B8100DCB3B4 /* Assets.xcassets */; };
		4E46B780272A8B8100DCB3B4 /* LaunchScreen.storyboard in Resources */ = {isa = PBXBuildFile; fileRef = 4E46B77E272A8B8100DCB3B4 /* LaunchScreen.storyboard */; };
		4E61539E278C5A7E008F8320 /* Localizable.strings in Resources */ = {isa = PBXBuildFile; fileRef = 4E61539D278C5A7E008F8320 /* Localizable.strings */; };
		4EA57E172746537600C183A2 /* TextViewView.xib in Resources */ = {isa = PBXBuildFile; fileRef = 4EA57E152746537600C183A2 /* TextViewView.xib */; };
		4EA57E182746537600C183A2 /* TextViewView.swift in Sources */ = {isa = PBXBuildFile; fileRef = 4EA57E162746537600C183A2 /* TextViewView.swift */; };
		4EA57E19274654B500C183A2 /* TextFieldView.swift in Sources */ = {isa = PBXBuildFile; fileRef = 4E46B787272A900300DCB3B4 /* TextFieldView.swift */; };
		4EA57E1A274654B800C183A2 /* TextFieldView.xib in Resources */ = {isa = PBXBuildFile; fileRef = 4E46B786272A900300DCB3B4 /* TextFieldView.xib */; };
		4EA57E1C2746580400C183A2 /* TextFieldKit.framework in Frameworks */ = {isa = PBXBuildFile; fileRef = 4E46B762272A8B2300DCB3B4 /* TextFieldKit.framework */; };
		4EA57E1D2746580400C183A2 /* TextFieldKit.framework in Embed Frameworks */ = {isa = PBXBuildFile; fileRef = 4E46B762272A8B2300DCB3B4 /* TextFieldKit.framework */; settings = {ATTRIBUTES = (CodeSignOnCopy, RemoveHeadersOnCopy, ); }; };
		4EA57E23274658B900C183A2 /* TextFieldKitEx.swift in Sources */ = {isa = PBXBuildFile; fileRef = 4EA57E22274658B900C183A2 /* TextFieldKitEx.swift */; };
		4EA57E2527466D5C00C183A2 /* DropDownTextField.swift in Sources */ = {isa = PBXBuildFile; fileRef = 4EA57E2427466D5C00C183A2 /* DropDownTextField.swift */; };
		4EA57E2727466DD600C183A2 /* DropDownTextField.xib in Resources */ = {isa = PBXBuildFile; fileRef = 4EA57E2627466DD600C183A2 /* DropDownTextField.xib */; };
		4EA60C20274FD85400AC9745 /* SecondViewController.swift in Sources */ = {isa = PBXBuildFile; fileRef = 4EA60C1F274FD85400AC9745 /* SecondViewController.swift */; };
		4EA60C22274FD9BE00AC9745 /* ThiredViewController.swift in Sources */ = {isa = PBXBuildFile; fileRef = 4EA60C21274FD9BE00AC9745 /* ThiredViewController.swift */; };
		4EAA5E6A28E6C4DF00080992 /* FieldStyle.swift in Sources */ = {isa = PBXBuildFile; fileRef = 4EAA5E6928E6C4DF00080992 /* FieldStyle.swift */; };
		4EAA5E6C28E6C62D00080992 /* CutomUIField.swift in Sources */ = {isa = PBXBuildFile; fileRef = 4EAA5E6B28E6C62D00080992 /* CutomUIField.swift */; };
		4EAA5E6E28E6C65700080992 /* CutomUIField.xib in Resources */ = {isa = PBXBuildFile; fileRef = 4EAA5E6D28E6C65700080992 /* CutomUIField.xib */; };
		4EAA5E7028E6D0A800080992 /* TextFieldProtocols.swift in Sources */ = {isa = PBXBuildFile; fileRef = 4EAA5E6F28E6D0A800080992 /* TextFieldProtocols.swift */; };
		4EB6807B274A56D800363E69 /* PhoneNumberField.xib in Resources */ = {isa = PBXBuildFile; fileRef = 4EB6807A274A56D800363E69 /* PhoneNumberField.xib */; };
		4EB6807D274A573000363E69 /* PhoneNumberField.swift in Sources */ = {isa = PBXBuildFile; fileRef = 4EB6807C274A573000363E69 /* PhoneNumberField.swift */; };
		4EB6F39127A7DD9A006A01BE /* AppFields.swift in Sources */ = {isa = PBXBuildFile; fileRef = 4EB6F39027A7DD99006A01BE /* AppFields.swift */; };
		4EB6F39327A7E3E3006A01BE /* FieldValiadtion.swift in Sources */ = {isa = PBXBuildFile; fileRef = 4EB6F39227A7E3E2006A01BE /* FieldValiadtion.swift */; };
		4EC35BE727A1548700DD42D6 /* Assets.xcassets in Resources */ = {isa = PBXBuildFile; fileRef = 4EC35BE627A1548700DD42D6 /* Assets.xcassets */; };
		4EDF13FE278AFE840095A02D /* BusinessFields.swift in Sources */ = {isa = PBXBuildFile; fileRef = 4EDF13FD278AFE840095A02D /* BusinessFields.swift */; };
		4EF57CA6279FEED2000CFD0E /* Regex.swift in Sources */ = {isa = PBXBuildFile; fileRef = 4EF57CA5279FEED2000CFD0E /* Regex.swift */; };
		4EF57CA827A011DC000CFD0E /* ForthViewController.swift in Sources */ = {isa = PBXBuildFile; fileRef = 4EF57CA727A011DC000CFD0E /* ForthViewController.swift */; };
		8FA29984B62E3E43B77E22B8 /* Pods_TextFieldKitExample.framework in Frameworks */ = {isa = PBXBuildFile; fileRef = BE1283F15A683755B1336DDE /* Pods_TextFieldKitExample.framework */; };
		AA204D4AFE59CDED92717038 /* Pods_TextFieldKit.framework in Frameworks */ = {isa = PBXBuildFile; fileRef = 1CE6D6682AE22280744A437A /* Pods_TextFieldKit.framework */; };
/* End PBXBuildFile section */

/* Begin PBXContainerItemProxy section */
		4EA57E1E2746580400C183A2 /* PBXContainerItemProxy */ = {
			isa = PBXContainerItemProxy;
			containerPortal = 4E46B759272A8B2300DCB3B4 /* Project object */;
			proxyType = 1;
			remoteGlobalIDString = 4E46B761272A8B2300DCB3B4;
			remoteInfo = TextFieldKit;
		};
/* End PBXContainerItemProxy section */

/* Begin PBXCopyFilesBuildPhase section */
		4EA57E202746580400C183A2 /* Embed Frameworks */ = {
			isa = PBXCopyFilesBuildPhase;
			buildActionMask = 2147483647;
			dstPath = "";
			dstSubfolderSpec = 10;
			files = (
				4EA57E1D2746580400C183A2 /* TextFieldKit.framework in Embed Frameworks */,
			);
			name = "Embed Frameworks";
			runOnlyForDeploymentPostprocessing = 0;
		};
/* End PBXCopyFilesBuildPhase section */

/* Begin PBXFileReference section */
		1CE6D6682AE22280744A437A /* Pods_TextFieldKit.framework */ = {isa = PBXFileReference; explicitFileType = wrapper.framework; includeInIndex = 0; path = Pods_TextFieldKit.framework; sourceTree = BUILT_PRODUCTS_DIR; };
		39B8252992820EDCC17A1F35 /* Pods-TextFieldKit.release.xcconfig */ = {isa = PBXFileReference; includeInIndex = 1; lastKnownFileType = text.xcconfig; name = "Pods-TextFieldKit.release.xcconfig"; path = "Target Support Files/Pods-TextFieldKit/Pods-TextFieldKit.release.xcconfig"; sourceTree = "<group>"; };
		4A9D7F08044021DF8ECFF7AF /* Pods-TextFieldKitExample.debug.xcconfig */ = {isa = PBXFileReference; includeInIndex = 1; lastKnownFileType = text.xcconfig; name = "Pods-TextFieldKitExample.debug.xcconfig"; path = "Target Support Files/Pods-TextFieldKitExample/Pods-TextFieldKitExample.debug.xcconfig"; sourceTree = "<group>"; };
		4E2DF746274D111A0020AE25 /* UITextView+Placeholder.h */ = {isa = PBXFileReference; fileEncoding = 4; lastKnownFileType = sourcecode.c.h; path = "UITextView+Placeholder.h"; sourceTree = "<group>"; };
		4E2DF747274D111B0020AE25 /* UITextView+Placeholder.m */ = {isa = PBXFileReference; fileEncoding = 4; lastKnownFileType = sourcecode.c.objc; path = "UITextView+Placeholder.m"; sourceTree = "<group>"; };
		4E2DF74A274D14B20020AE25 /* Header.h */ = {isa = PBXFileReference; lastKnownFileType = sourcecode.c.h; path = Header.h; sourceTree = "<group>"; };
		4E2DF74D274D32190020AE25 /* UITextViewEx.swift */ = {isa = PBXFileReference; lastKnownFileType = sourcecode.swift; path = UITextViewEx.swift; sourceTree = "<group>"; };
		4E46B762272A8B2300DCB3B4 /* TextFieldKit.framework */ = {isa = PBXFileReference; explicitFileType = wrapper.framework; includeInIndex = 0; path = TextFieldKit.framework; sourceTree = BUILT_PRODUCTS_DIR; };
		4E46B765272A8B2300DCB3B4 /* TextFieldKit.h */ = {isa = PBXFileReference; lastKnownFileType = sourcecode.c.h; path = TextFieldKit.h; sourceTree = "<group>"; };
		4E46B766272A8B2300DCB3B4 /* Info.plist */ = {isa = PBXFileReference; lastKnownFileType = text.plist.xml; path = Info.plist; sourceTree = "<group>"; };
		4E46B771272A8B7D00DCB3B4 /* TextFieldKitExample.app */ = {isa = PBXFileReference; explicitFileType = wrapper.application; includeInIndex = 0; path = TextFieldKitExample.app; sourceTree = BUILT_PRODUCTS_DIR; };
		4E46B773272A8B7D00DCB3B4 /* AppDelegate.swift */ = {isa = PBXFileReference; lastKnownFileType = sourcecode.swift; path = AppDelegate.swift; sourceTree = "<group>"; };
		4E46B775272A8B7D00DCB3B4 /* SceneDelegate.swift */ = {isa = PBXFileReference; lastKnownFileType = sourcecode.swift; path = SceneDelegate.swift; sourceTree = "<group>"; };
		4E46B777272A8B7D00DCB3B4 /* ViewController.swift */ = {isa = PBXFileReference; lastKnownFileType = sourcecode.swift; path = ViewController.swift; sourceTree = "<group>"; };
		4E46B77A272A8B7D00DCB3B4 /* Base */ = {isa = PBXFileReference; lastKnownFileType = file.storyboard; name = Base; path = Base.lproj/Main.storyboard; sourceTree = "<group>"; };
		4E46B77C272A8B8100DCB3B4 /* Assets.xcassets */ = {isa = PBXFileReference; lastKnownFileType = folder.assetcatalog; path = Assets.xcassets; sourceTree = "<group>"; };
		4E46B77F272A8B8100DCB3B4 /* Base */ = {isa = PBXFileReference; lastKnownFileType = file.storyboard; name = Base; path = Base.lproj/LaunchScreen.storyboard; sourceTree = "<group>"; };
		4E46B781272A8B8100DCB3B4 /* Info.plist */ = {isa = PBXFileReference; lastKnownFileType = text.plist.xml; path = Info.plist; sourceTree = "<group>"; };
		4E46B786272A900300DCB3B4 /* TextFieldView.xib */ = {isa = PBXFileReference; fileEncoding = 4; lastKnownFileType = file.xib; path = TextFieldView.xib; sourceTree = "<group>"; };
		4E46B787272A900300DCB3B4 /* TextFieldView.swift */ = {isa = PBXFileReference; fileEncoding = 4; lastKnownFileType = sourcecode.swift; path = TextFieldView.swift; sourceTree = "<group>"; };
		4E61539D278C5A7E008F8320 /* Localizable.strings */ = {isa = PBXFileReference; lastKnownFileType = text.plist.strings; path = Localizable.strings; sourceTree = "<group>"; };
		4EA57E152746537600C183A2 /* TextViewView.xib */ = {isa = PBXFileReference; fileEncoding = 4; lastKnownFileType = file.xib; path = TextViewView.xib; sourceTree = "<group>"; };
		4EA57E162746537600C183A2 /* TextViewView.swift */ = {isa = PBXFileReference; fileEncoding = 4; lastKnownFileType = sourcecode.swift; path = TextViewView.swift; sourceTree = "<group>"; };
		4EA57E22274658B900C183A2 /* TextFieldKitEx.swift */ = {isa = PBXFileReference; lastKnownFileType = sourcecode.swift; path = TextFieldKitEx.swift; sourceTree = "<group>"; };
		4EA57E2427466D5C00C183A2 /* DropDownTextField.swift */ = {isa = PBXFileReference; lastKnownFileType = sourcecode.swift; path = DropDownTextField.swift; sourceTree = "<group>"; };
		4EA57E2627466DD600C183A2 /* DropDownTextField.xib */ = {isa = PBXFileReference; lastKnownFileType = file.xib; path = DropDownTextField.xib; sourceTree = "<group>"; };
		4EA60C1F274FD85400AC9745 /* SecondViewController.swift */ = {isa = PBXFileReference; lastKnownFileType = sourcecode.swift; path = SecondViewController.swift; sourceTree = "<group>"; };
		4EA60C21274FD9BE00AC9745 /* ThiredViewController.swift */ = {isa = PBXFileReference; lastKnownFileType = sourcecode.swift; path = ThiredViewController.swift; sourceTree = "<group>"; };
		4EAA5E6928E6C4DF00080992 /* FieldStyle.swift */ = {isa = PBXFileReference; lastKnownFileType = sourcecode.swift; path = FieldStyle.swift; sourceTree = "<group>"; };
		4EAA5E6B28E6C62D00080992 /* CutomUIField.swift */ = {isa = PBXFileReference; lastKnownFileType = sourcecode.swift; path = CutomUIField.swift; sourceTree = "<group>"; };
		4EAA5E6D28E6C65700080992 /* CutomUIField.xib */ = {isa = PBXFileReference; fileEncoding = 4; lastKnownFileType = file.xib; path = CutomUIField.xib; sourceTree = "<group>"; };
		4EAA5E6F28E6D0A800080992 /* TextFieldProtocols.swift */ = {isa = PBXFileReference; lastKnownFileType = sourcecode.swift; path = TextFieldProtocols.swift; sourceTree = "<group>"; };
		4EB6807A274A56D800363E69 /* PhoneNumberField.xib */ = {isa = PBXFileReference; lastKnownFileType = file.xib; path = PhoneNumberField.xib; sourceTree = "<group>"; };
		4EB6807C274A573000363E69 /* PhoneNumberField.swift */ = {isa = PBXFileReference; fileEncoding = 4; lastKnownFileType = sourcecode.swift; name = PhoneNumberField.swift; path = TextFieldKit/PhoneNumberField.swift; sourceTree = SOURCE_ROOT; };
		4EB6F39027A7DD99006A01BE /* AppFields.swift */ = {isa = PBXFileReference; lastKnownFileType = sourcecode.swift; path = AppFields.swift; sourceTree = "<group>"; };
		4EB6F39227A7E3E2006A01BE /* FieldValiadtion.swift */ = {isa = PBXFileReference; lastKnownFileType = sourcecode.swift; path = FieldValiadtion.swift; sourceTree = "<group>"; };
		4EC35BE627A1548700DD42D6 /* Assets.xcassets */ = {isa = PBXFileReference; lastKnownFileType = folder.assetcatalog; path = Assets.xcassets; sourceTree = "<group>"; };
		4EDF13FD278AFE840095A02D /* BusinessFields.swift */ = {isa = PBXFileReference; lastKnownFileType = sourcecode.swift; path = BusinessFields.swift; sourceTree = "<group>"; };
		4EF57CA5279FEED2000CFD0E /* Regex.swift */ = {isa = PBXFileReference; fileEncoding = 4; lastKnownFileType = sourcecode.swift; path = Regex.swift; sourceTree = "<group>"; };
		4EF57CA727A011DC000CFD0E /* ForthViewController.swift */ = {isa = PBXFileReference; fileEncoding = 4; lastKnownFileType = sourcecode.swift; path = ForthViewController.swift; sourceTree = "<group>"; };
		8F6567E059F82800E6C3387E /* Pods-TextFieldKit.debug.xcconfig */ = {isa = PBXFileReference; includeInIndex = 1; lastKnownFileType = text.xcconfig; name = "Pods-TextFieldKit.debug.xcconfig"; path = "Target Support Files/Pods-TextFieldKit/Pods-TextFieldKit.debug.xcconfig"; sourceTree = "<group>"; };
		AC6AE9A068B84A0F58EAD619 /* Pods-TextFieldKitExample.release.xcconfig */ = {isa = PBXFileReference; includeInIndex = 1; lastKnownFileType = text.xcconfig; name = "Pods-TextFieldKitExample.release.xcconfig"; path = "Target Support Files/Pods-TextFieldKitExample/Pods-TextFieldKitExample.release.xcconfig"; sourceTree = "<group>"; };
		BE1283F15A683755B1336DDE /* Pods_TextFieldKitExample.framework */ = {isa = PBXFileReference; explicitFileType = wrapper.framework; includeInIndex = 0; path = Pods_TextFieldKitExample.framework; sourceTree = BUILT_PRODUCTS_DIR; };
/* End PBXFileReference section */

/* Begin PBXFrameworksBuildPhase section */
		4E46B75F272A8B2300DCB3B4 /* Frameworks */ = {
			isa = PBXFrameworksBuildPhase;
			buildActionMask = 2147483647;
			files = (
				AA204D4AFE59CDED92717038 /* Pods_TextFieldKit.framework in Frameworks */,
			);
			runOnlyForDeploymentPostprocessing = 0;
		};
		4E46B76E272A8B7D00DCB3B4 /* Frameworks */ = {
			isa = PBXFrameworksBuildPhase;
			buildActionMask = 2147483647;
			files = (
				4EA57E1C2746580400C183A2 /* TextFieldKit.framework in Frameworks */,
				8FA29984B62E3E43B77E22B8 /* Pods_TextFieldKitExample.framework in Frameworks */,
			);
			runOnlyForDeploymentPostprocessing = 0;
		};
/* End PBXFrameworksBuildPhase section */

/* Begin PBXGroup section */
		1B5D7DBD1650050D2F87D018 /* Pods */ = {
			isa = PBXGroup;
			children = (
				8F6567E059F82800E6C3387E /* Pods-TextFieldKit.debug.xcconfig */,
				39B8252992820EDCC17A1F35 /* Pods-TextFieldKit.release.xcconfig */,
				4A9D7F08044021DF8ECFF7AF /* Pods-TextFieldKitExample.debug.xcconfig */,
				AC6AE9A068B84A0F58EAD619 /* Pods-TextFieldKitExample.release.xcconfig */,
			);
			path = Pods;
			sourceTree = "<group>";
		};
		4E46B758272A8B2300DCB3B4 = {
			isa = PBXGroup;
			children = (
				4E46B764272A8B2300DCB3B4 /* TextFieldKit */,
				4E46B772272A8B7D00DCB3B4 /* TextFieldKitExample */,
				4E46B763272A8B2300DCB3B4 /* Products */,
				4EA57E1B2746580400C183A2 /* Frameworks */,
				1B5D7DBD1650050D2F87D018 /* Pods */,
			);
			sourceTree = "<group>";
		};
		4E46B763272A8B2300DCB3B4 /* Products */ = {
			isa = PBXGroup;
			children = (
				4E46B762272A8B2300DCB3B4 /* TextFieldKit.framework */,
				4E46B771272A8B7D00DCB3B4 /* TextFieldKitExample.app */,
			);
			name = Products;
			sourceTree = "<group>";
		};
		4E46B764272A8B2300DCB3B4 /* TextFieldKit */ = {
			isa = PBXGroup;
			children = (
				4E2DF74A274D14B20020AE25 /* Header.h */,
				4E46B765272A8B2300DCB3B4 /* TextFieldKit.h */,
				4EAA5E6F28E6D0A800080992 /* TextFieldProtocols.swift */,
				4EAA5E6928E6C4DF00080992 /* FieldStyle.swift */,
				4E46B787272A900300DCB3B4 /* TextFieldView.swift */,
				4EA57E162746537600C183A2 /* TextViewView.swift */,
				4EA57E2427466D5C00C183A2 /* DropDownTextField.swift */,
				4EA57E22274658B900C183A2 /* TextFieldKitEx.swift */,
				4EB6807C274A573000363E69 /* PhoneNumberField.swift */,
				4EDF13FD278AFE840095A02D /* BusinessFields.swift */,
				4EF57CA5279FEED2000CFD0E /* Regex.swift */,
				4E2DF746274D111A0020AE25 /* UITextView+Placeholder.h */,
				4E2DF747274D111B0020AE25 /* UITextView+Placeholder.m */,
				4EB6F39227A7E3E2006A01BE /* FieldValiadtion.swift */,
				4EA57E212746588800C183A2 /* Resources */,
				4E2DF74D274D32190020AE25 /* UITextViewEx.swift */,
			);
			path = TextFieldKit;
			sourceTree = "<group>";
		};
		4E46B772272A8B7D00DCB3B4 /* TextFieldKitExample */ = {
			isa = PBXGroup;
			children = (
				4E46B773272A8B7D00DCB3B4 /* AppDelegate.swift */,
				4E46B775272A8B7D00DCB3B4 /* SceneDelegate.swift */,
				4E46B777272A8B7D00DCB3B4 /* ViewController.swift */,
				4EB6F39027A7DD99006A01BE /* AppFields.swift */,
				4EA60C1F274FD85400AC9745 /* SecondViewController.swift */,
				4EA60C21274FD9BE00AC9745 /* ThiredViewController.swift */,
				4EF57CA727A011DC000CFD0E /* ForthViewController.swift */,
				4EAA5E6B28E6C62D00080992 /* CutomUIField.swift */,
				4EAA5E6D28E6C65700080992 /* CutomUIField.xib */,
				4E46B779272A8B7D00DCB3B4 /* Main.storyboard */,
				4E46B77C272A8B8100DCB3B4 /* Assets.xcassets */,
				4E46B77E272A8B8100DCB3B4 /* LaunchScreen.storyboard */,
				4E46B781272A8B8100DCB3B4 /* Info.plist */,
			);
			path = TextFieldKitExample;
			sourceTree = "<group>";
		};
		4EA57E1B2746580400C183A2 /* Frameworks */ = {
			isa = PBXGroup;
			children = (
				1CE6D6682AE22280744A437A /* Pods_TextFieldKit.framework */,
				BE1283F15A683755B1336DDE /* Pods_TextFieldKitExample.framework */,
			);
			name = Frameworks;
			sourceTree = "<group>";
		};
		4EA57E212746588800C183A2 /* Resources */ = {
			isa = PBXGroup;
			children = (
				4EC35BE627A1548700DD42D6 /* Assets.xcassets */,
				4E46B786272A900300DCB3B4 /* TextFieldView.xib */,
				4EA57E152746537600C183A2 /* TextViewView.xib */,
				4EA57E2627466DD600C183A2 /* DropDownTextField.xib */,
				4E46B766272A8B2300DCB3B4 /* Info.plist */,
				4EB6807A274A56D800363E69 /* PhoneNumberField.xib */,
				4E61539D278C5A7E008F8320 /* Localizable.strings */,
			);
			path = Resources;
			sourceTree = "<group>";
		};
/* End PBXGroup section */

/* Begin PBXHeadersBuildPhase section */
		4E46B75D272A8B2300DCB3B4 /* Headers */ = {
			isa = PBXHeadersBuildPhase;
			buildActionMask = 2147483647;
			files = (
				4E2DF748274D111B0020AE25 /* UITextView+Placeholder.h in Headers */,
				4E2DF74C274D2D490020AE25 /* Header.h in Headers */,
				4E46B767272A8B2300DCB3B4 /* TextFieldKit.h in Headers */,
			);
			runOnlyForDeploymentPostprocessing = 0;
		};
/* End PBXHeadersBuildPhase section */

/* Begin PBXNativeTarget section */
		4E46B761272A8B2300DCB3B4 /* TextFieldKit */ = {
			isa = PBXNativeTarget;
			buildConfigurationList = 4E46B76A272A8B2300DCB3B4 /* Build configuration list for PBXNativeTarget "TextFieldKit" */;
			buildPhases = (
				C7240920C014A6F37197C2EE /* [CP] Check Pods Manifest.lock */,
				4E46B75D272A8B2300DCB3B4 /* Headers */,
				4E46B75E272A8B2300DCB3B4 /* Sources */,
				4E46B75F272A8B2300DCB3B4 /* Frameworks */,
				4E46B760272A8B2300DCB3B4 /* Resources */,
			);
			buildRules = (
			);
			dependencies = (
			);
			name = TextFieldKit;
			productName = TextFieldKit;
			productReference = 4E46B762272A8B2300DCB3B4 /* TextFieldKit.framework */;
			productType = "com.apple.product-type.framework";
		};
		4E46B770272A8B7D00DCB3B4 /* TextFieldKitExample */ = {
			isa = PBXNativeTarget;
			buildConfigurationList = 4E46B784272A8B8100DCB3B4 /* Build configuration list for PBXNativeTarget "TextFieldKitExample" */;
			buildPhases = (
				5F1B8CC710108928026DD5DE /* [CP] Check Pods Manifest.lock */,
				4E46B76D272A8B7D00DCB3B4 /* Sources */,
				4E46B76E272A8B7D00DCB3B4 /* Frameworks */,
				4E46B76F272A8B7D00DCB3B4 /* Resources */,
				4EA57E202746580400C183A2 /* Embed Frameworks */,
				E3A38260B6C9898CE2267BAE /* [CP] Embed Pods Frameworks */,
			);
			buildRules = (
			);
			dependencies = (
				4EA57E1F2746580400C183A2 /* PBXTargetDependency */,
			);
			name = TextFieldKitExample;
			productName = TextFieldKitExample;
			productReference = 4E46B771272A8B7D00DCB3B4 /* TextFieldKitExample.app */;
			productType = "com.apple.product-type.application";
		};
/* End PBXNativeTarget section */

/* Begin PBXProject section */
		4E46B759272A8B2300DCB3B4 /* Project object */ = {
			isa = PBXProject;
			attributes = {
				LastSwiftUpdateCheck = 1250;
				LastUpgradeCheck = 1250;
				TargetAttributes = {
					4E46B761272A8B2300DCB3B4 = {
						CreatedOnToolsVersion = 12.5.1;
						LastSwiftMigration = 1310;
					};
					4E46B770272A8B7D00DCB3B4 = {
						CreatedOnToolsVersion = 12.5.1;
					};
				};
			};
			buildConfigurationList = 4E46B75C272A8B2300DCB3B4 /* Build configuration list for PBXProject "TextFieldKit" */;
			compatibilityVersion = "Xcode 9.3";
			developmentRegion = en;
			hasScannedForEncodings = 0;
			knownRegions = (
				en,
				Base,
			);
			mainGroup = 4E46B758272A8B2300DCB3B4;
			productRefGroup = 4E46B763272A8B2300DCB3B4 /* Products */;
			projectDirPath = "";
			projectRoot = "";
			targets = (
				4E46B761272A8B2300DCB3B4 /* TextFieldKit */,
				4E46B770272A8B7D00DCB3B4 /* TextFieldKitExample */,
			);
		};
/* End PBXProject section */

/* Begin PBXResourcesBuildPhase section */
		4E46B760272A8B2300DCB3B4 /* Resources */ = {
			isa = PBXResourcesBuildPhase;
			buildActionMask = 2147483647;
			files = (
				4E61539E278C5A7E008F8320 /* Localizable.strings in Resources */,
				4EB6807B274A56D800363E69 /* PhoneNumberField.xib in Resources */,
				4EA57E2727466DD600C183A2 /* DropDownTextField.xib in Resources */,
				4EA57E1A274654B800C183A2 /* TextFieldView.xib in Resources */,
				4EC35BE727A1548700DD42D6 /* Assets.xcassets in Resources */,
				4EA57E172746537600C183A2 /* TextViewView.xib in Resources */,
			);
			runOnlyForDeploymentPostprocessing = 0;
		};
		4E46B76F272A8B7D00DCB3B4 /* Resources */ = {
			isa = PBXResourcesBuildPhase;
			buildActionMask = 2147483647;
			files = (
				4E46B780272A8B8100DCB3B4 /* LaunchScreen.storyboard in Resources */,
				4E46B77D272A8B8100DCB3B4 /* Assets.xcassets in Resources */,
				4E46B77B272A8B7D00DCB3B4 /* Main.storyboard in Resources */,
				4EAA5E6E28E6C65700080992 /* CutomUIField.xib in Resources */,
			);
			runOnlyForDeploymentPostprocessing = 0;
		};
/* End PBXResourcesBuildPhase section */

/* Begin PBXShellScriptBuildPhase section */
		5F1B8CC710108928026DD5DE /* [CP] Check Pods Manifest.lock */ = {
			isa = PBXShellScriptBuildPhase;
			buildActionMask = 2147483647;
			files = (
			);
			inputFileListPaths = (
			);
			inputPaths = (
				"${PODS_PODFILE_DIR_PATH}/Podfile.lock",
				"${PODS_ROOT}/Manifest.lock",
			);
			name = "[CP] Check Pods Manifest.lock";
			outputFileListPaths = (
			);
			outputPaths = (
				"$(DERIVED_FILE_DIR)/Pods-TextFieldKitExample-checkManifestLockResult.txt",
			);
			runOnlyForDeploymentPostprocessing = 0;
			shellPath = /bin/sh;
			shellScript = "diff \"${PODS_PODFILE_DIR_PATH}/Podfile.lock\" \"${PODS_ROOT}/Manifest.lock\" > /dev/null\nif [ $? != 0 ] ; then\n    # print error to STDERR\n    echo \"error: The sandbox is not in sync with the Podfile.lock. Run 'pod install' or update your CocoaPods installation.\" >&2\n    exit 1\nfi\n# This output is used by Xcode 'outputs' to avoid re-running this script phase.\necho \"SUCCESS\" > \"${SCRIPT_OUTPUT_FILE_0}\"\n";
			showEnvVarsInLog = 0;
		};
		C7240920C014A6F37197C2EE /* [CP] Check Pods Manifest.lock */ = {
			isa = PBXShellScriptBuildPhase;
			buildActionMask = 2147483647;
			files = (
			);
			inputFileListPaths = (
			);
			inputPaths = (
				"${PODS_PODFILE_DIR_PATH}/Podfile.lock",
				"${PODS_ROOT}/Manifest.lock",
			);
			name = "[CP] Check Pods Manifest.lock";
			outputFileListPaths = (
			);
			outputPaths = (
				"$(DERIVED_FILE_DIR)/Pods-TextFieldKit-checkManifestLockResult.txt",
			);
			runOnlyForDeploymentPostprocessing = 0;
			shellPath = /bin/sh;
			shellScript = "diff \"${PODS_PODFILE_DIR_PATH}/Podfile.lock\" \"${PODS_ROOT}/Manifest.lock\" > /dev/null\nif [ $? != 0 ] ; then\n    # print error to STDERR\n    echo \"error: The sandbox is not in sync with the Podfile.lock. Run 'pod install' or update your CocoaPods installation.\" >&2\n    exit 1\nfi\n# This output is used by Xcode 'outputs' to avoid re-running this script phase.\necho \"SUCCESS\" > \"${SCRIPT_OUTPUT_FILE_0}\"\n";
			showEnvVarsInLog = 0;
		};
		E3A38260B6C9898CE2267BAE /* [CP] Embed Pods Frameworks */ = {
			isa = PBXShellScriptBuildPhase;
			buildActionMask = 2147483647;
			files = (
			);
			inputFileListPaths = (
				"${PODS_ROOT}/Target Support Files/Pods-TextFieldKitExample/Pods-TextFieldKitExample-frameworks-${CONFIGURATION}-input-files.xcfilelist",
			);
			name = "[CP] Embed Pods Frameworks";
			outputFileListPaths = (
				"${PODS_ROOT}/Target Support Files/Pods-TextFieldKitExample/Pods-TextFieldKitExample-frameworks-${CONFIGURATION}-output-files.xcfilelist",
			);
			runOnlyForDeploymentPostprocessing = 0;
			shellPath = /bin/sh;
			shellScript = "\"${PODS_ROOT}/Target Support Files/Pods-TextFieldKitExample/Pods-TextFieldKitExample-frameworks.sh\"\n";
			showEnvVarsInLog = 0;
		};
/* End PBXShellScriptBuildPhase section */

/* Begin PBXSourcesBuildPhase section */
		4E46B75E272A8B2300DCB3B4 /* Sources */ = {
			isa = PBXSourcesBuildPhase;
			buildActionMask = 2147483647;
			files = (
				4EAA5E6A28E6C4DF00080992 /* FieldStyle.swift in Sources */,
				4EAA5E7028E6D0A800080992 /* TextFieldProtocols.swift in Sources */,
				4EA57E2527466D5C00C183A2 /* DropDownTextField.swift in Sources */,
				4E2DF749274D111B0020AE25 /* UITextView+Placeholder.m in Sources */,
				4EDF13FE278AFE840095A02D /* BusinessFields.swift in Sources */,
				4EB6F39327A7E3E3006A01BE /* FieldValiadtion.swift in Sources */,
				4EB6807D274A573000363E69 /* PhoneNumberField.swift in Sources */,
				4E2DF74E274D32190020AE25 /* UITextViewEx.swift in Sources */,
				4EF57CA6279FEED2000CFD0E /* Regex.swift in Sources */,
				4EA57E19274654B500C183A2 /* TextFieldView.swift in Sources */,
				4EA57E182746537600C183A2 /* TextViewView.swift in Sources */,
				4EA57E23274658B900C183A2 /* TextFieldKitEx.swift in Sources */,
			);
			runOnlyForDeploymentPostprocessing = 0;
		};
		4E46B76D272A8B7D00DCB3B4 /* Sources */ = {
			isa = PBXSourcesBuildPhase;
			buildActionMask = 2147483647;
			files = (
				4EF57CA827A011DC000CFD0E /* ForthViewController.swift in Sources */,
				4EA60C20274FD85400AC9745 /* SecondViewController.swift in Sources */,
				4E46B778272A8B7D00DCB3B4 /* ViewController.swift in Sources */,
				4E46B774272A8B7D00DCB3B4 /* AppDelegate.swift in Sources */,
				4E46B776272A8B7D00DCB3B4 /* SceneDelegate.swift in Sources */,
				4EA60C22274FD9BE00AC9745 /* ThiredViewController.swift in Sources */,
				4EB6F39127A7DD9A006A01BE /* AppFields.swift in Sources */,
				4EAA5E6C28E6C62D00080992 /* CutomUIField.swift in Sources */,
			);
			runOnlyForDeploymentPostprocessing = 0;
		};
/* End PBXSourcesBuildPhase section */

/* Begin PBXTargetDependency section */
		4EA57E1F2746580400C183A2 /* PBXTargetDependency */ = {
			isa = PBXTargetDependency;
			target = 4E46B761272A8B2300DCB3B4 /* TextFieldKit */;
			targetProxy = 4EA57E1E2746580400C183A2 /* PBXContainerItemProxy */;
		};
/* End PBXTargetDependency section */

/* Begin PBXVariantGroup section */
		4E46B779272A8B7D00DCB3B4 /* Main.storyboard */ = {
			isa = PBXVariantGroup;
			children = (
				4E46B77A272A8B7D00DCB3B4 /* Base */,
			);
			name = Main.storyboard;
			sourceTree = "<group>";
		};
		4E46B77E272A8B8100DCB3B4 /* LaunchScreen.storyboard */ = {
			isa = PBXVariantGroup;
			children = (
				4E46B77F272A8B8100DCB3B4 /* Base */,
			);
			name = LaunchScreen.storyboard;
			sourceTree = "<group>";
		};
/* End PBXVariantGroup section */

/* Begin XCBuildConfiguration section */
		4E46B768272A8B2300DCB3B4 /* Debug */ = {
			isa = XCBuildConfiguration;
			buildSettings = {
				ALWAYS_SEARCH_USER_PATHS = NO;
				CLANG_ANALYZER_NONNULL = YES;
				CLANG_ANALYZER_NUMBER_OBJECT_CONVERSION = YES_AGGRESSIVE;
				CLANG_CXX_LANGUAGE_STANDARD = "gnu++14";
				CLANG_CXX_LIBRARY = "libc++";
				CLANG_ENABLE_MODULES = YES;
				CLANG_ENABLE_OBJC_ARC = YES;
				CLANG_ENABLE_OBJC_WEAK = YES;
				CLANG_WARN_BLOCK_CAPTURE_AUTORELEASING = YES;
				CLANG_WARN_BOOL_CONVERSION = YES;
				CLANG_WARN_COMMA = YES;
				CLANG_WARN_CONSTANT_CONVERSION = YES;
				CLANG_WARN_DEPRECATED_OBJC_IMPLEMENTATIONS = YES;
				CLANG_WARN_DIRECT_OBJC_ISA_USAGE = YES_ERROR;
				CLANG_WARN_DOCUMENTATION_COMMENTS = YES;
				CLANG_WARN_EMPTY_BODY = YES;
				CLANG_WARN_ENUM_CONVERSION = YES;
				CLANG_WARN_INFINITE_RECURSION = YES;
				CLANG_WARN_INT_CONVERSION = YES;
				CLANG_WARN_NON_LITERAL_NULL_CONVERSION = YES;
				CLANG_WARN_OBJC_IMPLICIT_RETAIN_SELF = YES;
				CLANG_WARN_OBJC_LITERAL_CONVERSION = YES;
				CLANG_WARN_OBJC_ROOT_CLASS = YES_ERROR;
				CLANG_WARN_QUOTED_INCLUDE_IN_FRAMEWORK_HEADER = YES;
				CLANG_WARN_RANGE_LOOP_ANALYSIS = YES;
				CLANG_WARN_STRICT_PROTOTYPES = YES;
				CLANG_WARN_SUSPICIOUS_MOVE = YES;
				CLANG_WARN_UNGUARDED_AVAILABILITY = YES_AGGRESSIVE;
				CLANG_WARN_UNREACHABLE_CODE = YES;
				CLANG_WARN__DUPLICATE_METHOD_MATCH = YES;
				COPY_PHASE_STRIP = NO;
				CURRENT_PROJECT_VERSION = 1;
				DEBUG_INFORMATION_FORMAT = dwarf;
				ENABLE_STRICT_OBJC_MSGSEND = YES;
				ENABLE_TESTABILITY = YES;
				GCC_C_LANGUAGE_STANDARD = gnu11;
				GCC_DYNAMIC_NO_PIC = NO;
				GCC_NO_COMMON_BLOCKS = YES;
				GCC_OPTIMIZATION_LEVEL = 0;
				GCC_PREPROCESSOR_DEFINITIONS = (
					"DEBUG=1",
					"$(inherited)",
				);
				GCC_WARN_64_TO_32_BIT_CONVERSION = YES;
				GCC_WARN_ABOUT_RETURN_TYPE = YES_ERROR;
				GCC_WARN_UNDECLARED_SELECTOR = YES;
				GCC_WARN_UNINITIALIZED_AUTOS = YES_AGGRESSIVE;
				GCC_WARN_UNUSED_FUNCTION = YES;
				GCC_WARN_UNUSED_VARIABLE = YES;
				IPHONEOS_DEPLOYMENT_TARGET = 13.0;
				MTL_ENABLE_DEBUG_INFO = INCLUDE_SOURCE;
				MTL_FAST_MATH = YES;
				ONLY_ACTIVE_ARCH = YES;
				SDKROOT = iphoneos;
				SWIFT_ACTIVE_COMPILATION_CONDITIONS = DEBUG;
				SWIFT_OPTIMIZATION_LEVEL = "-Onone";
				VERSIONING_SYSTEM = "apple-generic";
				VERSION_INFO_PREFIX = "";
			};
			name = Debug;
		};
		4E46B769272A8B2300DCB3B4 /* Release */ = {
			isa = XCBuildConfiguration;
			buildSettings = {
				ALWAYS_SEARCH_USER_PATHS = NO;
				CLANG_ANALYZER_NONNULL = YES;
				CLANG_ANALYZER_NUMBER_OBJECT_CONVERSION = YES_AGGRESSIVE;
				CLANG_CXX_LANGUAGE_STANDARD = "gnu++14";
				CLANG_CXX_LIBRARY = "libc++";
				CLANG_ENABLE_MODULES = YES;
				CLANG_ENABLE_OBJC_ARC = YES;
				CLANG_ENABLE_OBJC_WEAK = YES;
				CLANG_WARN_BLOCK_CAPTURE_AUTORELEASING = YES;
				CLANG_WARN_BOOL_CONVERSION = YES;
				CLANG_WARN_COMMA = YES;
				CLANG_WARN_CONSTANT_CONVERSION = YES;
				CLANG_WARN_DEPRECATED_OBJC_IMPLEMENTATIONS = YES;
				CLANG_WARN_DIRECT_OBJC_ISA_USAGE = YES_ERROR;
				CLANG_WARN_DOCUMENTATION_COMMENTS = YES;
				CLANG_WARN_EMPTY_BODY = YES;
				CLANG_WARN_ENUM_CONVERSION = YES;
				CLANG_WARN_INFINITE_RECURSION = YES;
				CLANG_WARN_INT_CONVERSION = YES;
				CLANG_WARN_NON_LITERAL_NULL_CONVERSION = YES;
				CLANG_WARN_OBJC_IMPLICIT_RETAIN_SELF = YES;
				CLANG_WARN_OBJC_LITERAL_CONVERSION = YES;
				CLANG_WARN_OBJC_ROOT_CLASS = YES_ERROR;
				CLANG_WARN_QUOTED_INCLUDE_IN_FRAMEWORK_HEADER = YES;
				CLANG_WARN_RANGE_LOOP_ANALYSIS = YES;
				CLANG_WARN_STRICT_PROTOTYPES = YES;
				CLANG_WARN_SUSPICIOUS_MOVE = YES;
				CLANG_WARN_UNGUARDED_AVAILABILITY = YES_AGGRESSIVE;
				CLANG_WARN_UNREACHABLE_CODE = YES;
				CLANG_WARN__DUPLICATE_METHOD_MATCH = YES;
				COPY_PHASE_STRIP = NO;
				CURRENT_PROJECT_VERSION = 1;
				DEBUG_INFORMATION_FORMAT = "dwarf-with-dsym";
				ENABLE_NS_ASSERTIONS = NO;
				ENABLE_STRICT_OBJC_MSGSEND = YES;
				GCC_C_LANGUAGE_STANDARD = gnu11;
				GCC_NO_COMMON_BLOCKS = YES;
				GCC_WARN_64_TO_32_BIT_CONVERSION = YES;
				GCC_WARN_ABOUT_RETURN_TYPE = YES_ERROR;
				GCC_WARN_UNDECLARED_SELECTOR = YES;
				GCC_WARN_UNINITIALIZED_AUTOS = YES_AGGRESSIVE;
				GCC_WARN_UNUSED_FUNCTION = YES;
				GCC_WARN_UNUSED_VARIABLE = YES;
				IPHONEOS_DEPLOYMENT_TARGET = 13.0;
				MTL_ENABLE_DEBUG_INFO = NO;
				MTL_FAST_MATH = YES;
				SDKROOT = iphoneos;
				SWIFT_COMPILATION_MODE = wholemodule;
				SWIFT_OPTIMIZATION_LEVEL = "-O";
				VALIDATE_PRODUCT = YES;
				VERSIONING_SYSTEM = "apple-generic";
				VERSION_INFO_PREFIX = "";
			};
			name = Release;
		};
		4E46B76B272A8B2300DCB3B4 /* Debug */ = {
			isa = XCBuildConfiguration;
			baseConfigurationReference = 8F6567E059F82800E6C3387E /* Pods-TextFieldKit.debug.xcconfig */;
			buildSettings = {
				CLANG_ENABLE_MODULES = YES;
				CODE_SIGN_STYLE = Automatic;
				DEFINES_MODULE = YES;
				DEVELOPMENT_TEAM = 8C7RSZ7C3V;
				DYLIB_COMPATIBILITY_VERSION = 1;
				DYLIB_CURRENT_VERSION = 1;
				DYLIB_INSTALL_NAME_BASE = "@rpath";
				INFOPLIST_FILE = TextFieldKit/Resources/Info.plist;
				INSTALL_PATH = "$(LOCAL_LIBRARY_DIR)/Frameworks";
				LD_RUNPATH_SEARCH_PATHS = (
					"$(inherited)",
					"@executable_path/Frameworks",
					"@loader_path/Frameworks",
				);
				PRODUCT_BUNDLE_IDENTIFIER = "com.salahmohamedText-wr.TextFieldKit";
				PRODUCT_NAME = "$(TARGET_NAME:c99extidentifier)";
				SKIP_INSTALL = YES;
				SWIFT_OBJC_BRIDGING_HEADER = "";
				SWIFT_OPTIMIZATION_LEVEL = "-Onone";
				SWIFT_VERSION = 5.0;
				TARGETED_DEVICE_FAMILY = "1,2";
			};
			name = Debug;
		};
		4E46B76C272A8B2300DCB3B4 /* Release */ = {
			isa = XCBuildConfiguration;
			baseConfigurationReference = 39B8252992820EDCC17A1F35 /* Pods-TextFieldKit.release.xcconfig */;
			buildSettings = {
				CLANG_ENABLE_MODULES = YES;
				CODE_SIGN_STYLE = Automatic;
				DEFINES_MODULE = YES;
				DEVELOPMENT_TEAM = 8C7RSZ7C3V;
				DYLIB_COMPATIBILITY_VERSION = 1;
				DYLIB_CURRENT_VERSION = 1;
				DYLIB_INSTALL_NAME_BASE = "@rpath";
				INFOPLIST_FILE = TextFieldKit/Resources/Info.plist;
				INSTALL_PATH = "$(LOCAL_LIBRARY_DIR)/Frameworks";
				LD_RUNPATH_SEARCH_PATHS = (
					"$(inherited)",
					"@executable_path/Frameworks",
					"@loader_path/Frameworks",
				);
				PRODUCT_BUNDLE_IDENTIFIER = "com.salahmohamedText-wr.TextFieldKit";
				PRODUCT_NAME = "$(TARGET_NAME:c99extidentifier)";
				SKIP_INSTALL = YES;
				SWIFT_OBJC_BRIDGING_HEADER = "";
				SWIFT_VERSION = 5.0;
				TARGETED_DEVICE_FAMILY = "1,2";
			};
			name = Release;
		};
		4E46B782272A8B8100DCB3B4 /* Debug */ = {
			isa = XCBuildConfiguration;
			baseConfigurationReference = 4A9D7F08044021DF8ECFF7AF /* Pods-TextFieldKitExample.debug.xcconfig */;
			buildSettings = {
				ASSETCATALOG_COMPILER_APPICON_NAME = AppIcon;
				ASSETCATALOG_COMPILER_GLOBAL_ACCENT_COLOR_NAME = AccentColor;
				CODE_SIGN_STYLE = Automatic;
				DEVELOPMENT_TEAM = 8C7RSZ7C3V;
				INFOPLIST_FILE = TextFieldKitExample/Info.plist;
				LD_RUNPATH_SEARCH_PATHS = (
					"$(inherited)",
					"@executable_path/Frameworks",
				);
				PRODUCT_BUNDLE_IDENTIFIER = "com.salahmohamedText-wr.TextFieldKitExample";
				PRODUCT_NAME = "$(TARGET_NAME)";
				SWIFT_VERSION = 5.0;
				TARGETED_DEVICE_FAMILY = "1,2";
			};
			name = Debug;
		};
		4E46B783272A8B8100DCB3B4 /* Release */ = {
			isa = XCBuildConfiguration;
			baseConfigurationReference = AC6AE9A068B84A0F58EAD619 /* Pods-TextFieldKitExample.release.xcconfig */;
			buildSettings = {
				ASSETCATALOG_COMPILER_APPICON_NAME = AppIcon;
				ASSETCATALOG_COMPILER_GLOBAL_ACCENT_COLOR_NAME = AccentColor;
				CODE_SIGN_STYLE = Automatic;
				DEVELOPMENT_TEAM = 8C7RSZ7C3V;
				INFOPLIST_FILE = TextFieldKitExample/Info.plist;
				LD_RUNPATH_SEARCH_PATHS = (
					"$(inherited)",
					"@executable_path/Frameworks",
				);
				PRODUCT_BUNDLE_IDENTIFIER = "com.salahmohamedText-wr.TextFieldKitExample";
				PRODUCT_NAME = "$(TARGET_NAME)";
				SWIFT_VERSION = 5.0;
				TARGETED_DEVICE_FAMILY = "1,2";
			};
			name = Release;
		};
/* End XCBuildConfiguration section */

/* Begin XCConfigurationList section */
		4E46B75C272A8B2300DCB3B4 /* Build configuration list for PBXProject "TextFieldKit" */ = {
			isa = XCConfigurationList;
			buildConfigurations = (
				4E46B768272A8B2300DCB3B4 /* Debug */,
				4E46B769272A8B2300DCB3B4 /* Release */,
			);
			defaultConfigurationIsVisible = 0;
			defaultConfigurationName = Release;
		};
		4E46B76A272A8B2300DCB3B4 /* Build configuration list for PBXNativeTarget "TextFieldKit" */ = {
			isa = XCConfigurationList;
			buildConfigurations = (
				4E46B76B272A8B2300DCB3B4 /* Debug */,
				4E46B76C272A8B2300DCB3B4 /* Release */,
			);
			defaultConfigurationIsVisible = 0;
			defaultConfigurationName = Release;
		};
		4E46B784272A8B8100DCB3B4 /* Build configuration list for PBXNativeTarget "TextFieldKitExample" */ = {
			isa = XCConfigurationList;
			buildConfigurations = (
				4E46B782272A8B8100DCB3B4 /* Debug */,
				4E46B783272A8B8100DCB3B4 /* Release */,
			);
			defaultConfigurationIsVisible = 0;
			defaultConfigurationName = Release;
		};
/* End XCConfigurationList section */
	};
	rootObject = 4E46B759272A8B2300DCB3B4 /* Project object */;
}
